
Microsoft Visual Studio Solution File, Format Version 12.00
# Visual Studio 2012
Project("{2150E333-8FDC-42A3-9474-1A3956D46DE8}") = "DataAccess", "DataAccess", "{A7549C4C-3818-42B3-B351-AFB1D1C4D38E}"
EndProject
Project("{FAE04EC0-301F-11D3-BF4B-00C04F79EFBC}") = "KaleyLab.Data", "KaleyLab.Data\KaleyLab.Data.csproj", "{111FE75E-8F5A-4A6A-9B40-03BDCAF74011}"
EndProject
Project("{FAE04EC0-301F-11D3-BF4B-00C04F79EFBC}") = "KaleyLab.Data.EntityFramework", "KaleyLab.Data.EntityFramework\KaleyLab.Data.EntityFramework.csproj", "{EAFC6F50-F744-4117-B619-361E72618C80}"
EndProject
Project("{FAE04EC0-301F-11D3-BF4B-00C04F79EFBC}") = "KaleyLab.Data.EntityFrameworkSample", "KaleyLab.Data.EntityFrameworkSample\KaleyLab.Data.EntityFrameworkSample.csproj", "{0060171D-9A03-4332-A068-4C384E77FFBB}"
EndProject
Project("{FAE04EC0-301F-11D3-BF4B-00C04F79EFBC}") = "KaleyLab.Data.EntityFrameworkSampleTest", "KaleyLab.Data.EntityFrameworkSampleTest\KaleyLab.Data.EntityFrameworkSampleTest.csproj", "{1E90603F-0840-4187-A684-EAB722D2E293}"
EndProject
Project("{2150E333-8FDC-42A3-9474-1A3956D46DE8}") = "EntityFramework5", "EntityFramework5", "{E3C7D66C-226D-41F9-A850-2ED08AB7C80D}"
EndProject
Project("{2150E333-8FDC-42A3-9474-1A3956D46DE8}") = "EntityFramework6", "EntityFramework6", "{2A8AB470-D625-48A9-A025-5BC4B0E2C417}"
EndProject
Project("{2150E333-8FDC-42A3-9474-1A3956D46DE8}") = "DataAcessBase", "DataAcessBase", "{8E6F9FCF-B1B1-4351-B130-11011D6E99DC}"
EndProject
Global
	GlobalSection(SolutionConfigurationPlatforms) = preSolution
		Debug|Any CPU = Debug|Any CPU
		Release|Any CPU = Release|Any CPU
	EndGlobalSection
	GlobalSection(ProjectConfigurationPlatforms) = postSolution
		{111FE75E-8F5A-4A6A-9B40-03BDCAF74011}.Debug|Any CPU.ActiveCfg = Debug|Any CPU
		{111FE75E-8F5A-4A6A-9B40-03BDCAF74011}.Debug|Any CPU.Build.0 = Debug|Any CPU
		{111FE75E-8F5A-4A6A-9B40-03BDCAF74011}.Release|Any CPU.ActiveCfg = Release|Any CPU
		{111FE75E-8F5A-4A6A-9B40-03BDCAF74011}.Release|Any CPU.Build.0 = Release|Any CPU
		{EAFC6F50-F744-4117-B619-361E72618C80}.Debug|Any CPU.ActiveCfg = Debug|Any CPU
		{EAFC6F50-F744-4117-B619-361E72618C80}.Debug|Any CPU.Build.0 = Debug|Any CPU
		{EAFC6F50-F744-4117-B619-361E72618C80}.Release|Any CPU.ActiveCfg = Release|Any CPU
		{EAFC6F50-F744-4117-B619-361E72618C80}.Release|Any CPU.Build.0 = Release|Any CPU
		{0060171D-9A03-4332-A068-4C384E77FFBB}.Debug|Any CPU.ActiveCfg = Debug|Any CPU
		{0060171D-9A03-4332-A068-4C384E77FFBB}.Debug|Any CPU.Build.0 = Debug|Any CPU
		{0060171D-9A03-4332-A068-4C384E77FFBB}.Release|Any CPU.ActiveCfg = Release|Any CPU
		{0060171D-9A03-4332-A068-4C384E77FFBB}.Release|Any CPU.Build.0 = Release|Any CPU
		{1E90603F-0840-4187-A684-EAB722D2E293}.Debug|Any CPU.ActiveCfg = Debug|Any CPU
		{1E90603F-0840-4187-A684-EAB722D2E293}.Debug|Any CPU.Build.0 = Debug|Any CPU
		{1E90603F-0840-4187-A684-EAB722D2E293}.Release|Any CPU.ActiveCfg = Release|Any CPU
		{1E90603F-0840-4187-A684-EAB722D2E293}.Release|Any CPU.Build.0 = Release|Any CPU
	EndGlobalSection
	GlobalSection(SolutionProperties) = preSolution
		HideSolutionNode = FALSE
	EndGlobalSection
	GlobalSection(NestedProjects) = preSolution
		{E3C7D66C-226D-41F9-A850-2ED08AB7C80D} = {A7549C4C-3818-42B3-B351-AFB1D1C4D38E}
		{2A8AB470-D625-48A9-A025-5BC4B0E2C417} = {A7549C4C-3818-42B3-B351-AFB1D1C4D38E}
		{8E6F9FCF-B1B1-4351-B130-11011D6E99DC} = {A7549C4C-3818-42B3-B351-AFB1D1C4D38E}
		{EAFC6F50-F744-4117-B619-361E72618C80} = {E3C7D66C-226D-41F9-A850-2ED08AB7C80D}
		{0060171D-9A03-4332-A068-4C384E77FFBB} = {E3C7D66C-226D-41F9-A850-2ED08AB7C80D}
		{1E90603F-0840-4187-A684-EAB722D2E293} = {E3C7D66C-226D-41F9-A850-2ED08AB7C80D}
		{111FE75E-8F5A-4A6A-9B40-03BDCAF74011} = {8E6F9FCF-B1B1-4351-B130-11011D6E99DC}
	EndGlobalSection
EndGlobal
