
Microsoft Visual Studio Solution File, Format Version 12.00
# Visual Studio 2012
Project("{2150E333-8FDC-42A3-9474-1A3956D46DE8}") = "Extension", "Extension", "{693C2504-4DC1-4808-B820-8E3A25C4ABDE}"
EndProject
Project("{2150E333-8FDC-42A3-9474-1A3956D46DE8}") = "DataAccess", "DataAccess", "{A7549C4C-3818-42B3-B351-AFB1D1C4D38E}"
EndProject
Project("{FAE04EC0-301F-11D3-BF4B-00C04F79EFBC}") = "KaleyLab.Data", "KaleyLab.Data\KaleyLab.Data.csproj", "{111FE75E-8F5A-4A6A-9B40-03BDCAF74011}"
EndProject
Project("{FAE04EC0-301F-11D3-BF4B-00C04F79EFBC}") = "KaleyLab.Extension", "KaleyLab.Extension\KaleyLab.Extension.csproj", "{F7A852C2-3764-403A-9948-24194B4D7C29}"
EndProject
Project("{FAE04EC0-301F-11D3-BF4B-00C04F79EFBC}") = "KaleyLab.Data.EntityFramework", "KaleyLab.Data.EntityFramework\KaleyLab.Data.EntityFramework.csproj", "{EAFC6F50-F744-4117-B619-361E72618C80}"
EndProject
Project("{FAE04EC0-301F-11D3-BF4B-00C04F79EFBC}") = "KaleyLab.Data.Sample", "KaleyLab.Data.Sample\KaleyLab.Data.Sample.csproj", "{576BEF02-4D28-4BBE-B771-30C3DB664BE2}"
EndProject
Project("{FAE04EC0-301F-11D3-BF4B-00C04F79EFBC}") = "KaleyLab.Data.SampleConsole", "KaleyLab.Data.SampleConsole\KaleyLab.Data.SampleConsole.csproj", "{AC48EE7F-15A0-433A-A073-7429A0B28B1D}"
EndProject
Global
	GlobalSection(SolutionConfigurationPlatforms) = preSolution
		Debug|Any CPU = Debug|Any CPU
		Release|Any CPU = Release|Any CPU
	EndGlobalSection
	GlobalSection(ProjectConfigurationPlatforms) = postSolution
		{111FE75E-8F5A-4A6A-9B40-03BDCAF74011}.Debug|Any CPU.ActiveCfg = Debug|Any CPU
		{111FE75E-8F5A-4A6A-9B40-03BDCAF74011}.Debug|Any CPU.Build.0 = Debug|Any CPU
		{111FE75E-8F5A-4A6A-9B40-03BDCAF74011}.Release|Any CPU.ActiveCfg = Release|Any CPU
		{111FE75E-8F5A-4A6A-9B40-03BDCAF74011}.Release|Any CPU.Build.0 = Release|Any CPU
		{F7A852C2-3764-403A-9948-24194B4D7C29}.Debug|Any CPU.ActiveCfg = Debug|Any CPU
		{F7A852C2-3764-403A-9948-24194B4D7C29}.Debug|Any CPU.Build.0 = Debug|Any CPU
		{F7A852C2-3764-403A-9948-24194B4D7C29}.Release|Any CPU.ActiveCfg = Release|Any CPU
		{F7A852C2-3764-403A-9948-24194B4D7C29}.Release|Any CPU.Build.0 = Release|Any CPU
		{EAFC6F50-F744-4117-B619-361E72618C80}.Debug|Any CPU.ActiveCfg = Debug|Any CPU
		{EAFC6F50-F744-4117-B619-361E72618C80}.Debug|Any CPU.Build.0 = Debug|Any CPU
		{EAFC6F50-F744-4117-B619-361E72618C80}.Release|Any CPU.ActiveCfg = Release|Any CPU
		{EAFC6F50-F744-4117-B619-361E72618C80}.Release|Any CPU.Build.0 = Release|Any CPU
		{576BEF02-4D28-4BBE-B771-30C3DB664BE2}.Debug|Any CPU.ActiveCfg = Debug|Any CPU
		{576BEF02-4D28-4BBE-B771-30C3DB664BE2}.Debug|Any CPU.Build.0 = Debug|Any CPU
		{576BEF02-4D28-4BBE-B771-30C3DB664BE2}.Release|Any CPU.ActiveCfg = Release|Any CPU
		{576BEF02-4D28-4BBE-B771-30C3DB664BE2}.Release|Any CPU.Build.0 = Release|Any CPU
		{AC48EE7F-15A0-433A-A073-7429A0B28B1D}.Debug|Any CPU.ActiveCfg = Debug|Any CPU
		{AC48EE7F-15A0-433A-A073-7429A0B28B1D}.Debug|Any CPU.Build.0 = Debug|Any CPU
		{AC48EE7F-15A0-433A-A073-7429A0B28B1D}.Release|Any CPU.ActiveCfg = Release|Any CPU
		{AC48EE7F-15A0-433A-A073-7429A0B28B1D}.Release|Any CPU.Build.0 = Release|Any CPU
	EndGlobalSection
	GlobalSection(SolutionProperties) = preSolution
		HideSolutionNode = FALSE
	EndGlobalSection
	GlobalSection(NestedProjects) = preSolution
		{F7A852C2-3764-403A-9948-24194B4D7C29} = {693C2504-4DC1-4808-B820-8E3A25C4ABDE}
		{111FE75E-8F5A-4A6A-9B40-03BDCAF74011} = {A7549C4C-3818-42B3-B351-AFB1D1C4D38E}
		{EAFC6F50-F744-4117-B619-361E72618C80} = {A7549C4C-3818-42B3-B351-AFB1D1C4D38E}
		{576BEF02-4D28-4BBE-B771-30C3DB664BE2} = {A7549C4C-3818-42B3-B351-AFB1D1C4D38E}
		{AC48EE7F-15A0-433A-A073-7429A0B28B1D} = {A7549C4C-3818-42B3-B351-AFB1D1C4D38E}
	EndGlobalSection
EndGlobal
